
Microsoft Visual Studio Solution File, Format Version 12.00
# Visual Studio 14
VisualStudioVersion = 14.0.25420.1
MinimumVisualStudioVersion = 10.0.40219.1
Project("{FAE04EC0-301F-11D3-BF4B-00C04F79EFBC}") = "SubRenamer", "SubRenamer\SubRenamer.csproj", "{BF980BFA-A693-483E-BFB0-94A9D7039073}"
EndProject
Global
	GlobalSection(SolutionConfigurationPlatforms) = preSolution
		Debug|Any CPU = Debug|Any CPU
		Release|Any CPU = Release|Any CPU
	EndGlobalSection
	GlobalSection(ProjectConfigurationPlatforms) = postSolution
		{BF980BFA-A693-483E-BFB0-94A9D7039073}.Debug|Any CPU.ActiveCfg = Debug|Any CPU
		{BF980BFA-A693-483E-BFB0-94A9D7039073}.Debug|Any CPU.Build.0 = Debug|Any CPU
		{BF980BFA-A693-483E-BFB0-94A9D7039073}.Release|Any CPU.ActiveCfg = Release|Any CPU
		{BF980BFA-A693-483E-BFB0-94A9D7039073}.Release|Any CPU.Build.0 = Release|Any CPU
	EndGlobalSection
	GlobalSection(SolutionProperties) = preSolution
		HideSolutionNode = FALSE
	EndGlobalSection
EndGlobal
